
Microsoft Visual Studio Solution File, Format Version 12.00
Project("{2150E333-8FDC-42A3-9474-1A3956D46DE8}") = "Store.Catalogue", "Store.Catalogue", "{EADAC059-A11B-4322-9D4A-5C8B3FFDC7A5}"
EndProject
Project("{2150E333-8FDC-42A3-9474-1A3956D46DE8}") = "Store.Cart", "Store.Cart", "{173D1E16-96AD-4DDB-82CF-1EE59AAF7909}"
EndProject
Project("{2150E333-8FDC-42A3-9474-1A3956D46DE8}") = "Store.Core", "Store.Core", "{9BCFAE85-02D8-492B-B323-B1B93C8F68D0}"
EndProject
Project("{FAE04EC0-301F-11D3-BF4B-00C04F79EFBC}") = "Store.Core.Infrastructure", "Store.Core\Store.Core.Infrastructure\Store.Core.Infrastructure.csproj", "{3D2A6C55-B482-4F44-8BE2-ED0A3E24A26C}"
EndProject
Project("{FAE04EC0-301F-11D3-BF4B-00C04F79EFBC}") = "Store.Core.Domain", "Store.Core\Store.Core.Domain\Store.Core.Domain.csproj", "{EE5F2D00-026A-4817-9063-04E87016015E}"
EndProject
Project("{FAE04EC0-301F-11D3-BF4B-00C04F79EFBC}") = "Store.Catalogue.Domain", "Store.Catalogue\Store.Catalogue.Domain\Store.Catalogue.Domain.csproj", "{B6C32B46-72B0-4BE3-8582-CB4A5CA8F344}"
EndProject
Project("{FAE04EC0-301F-11D3-BF4B-00C04F79EFBC}") = "Store.Core.Domain.Tests", "Store.Core\Store.Core.Domain.Tests\Store.Core.Domain.Tests.csproj", "{610510A4-9DD9-492F-B909-818F33A7E933}"
EndProject
Project("{FAE04EC0-301F-11D3-BF4B-00C04F79EFBC}") = "Store.Catalogue.Application", "Store.Catalogue\Store.Catalogue.Application\Store.Catalogue.Application.csproj", "{CCEAC299-7978-4112-90AF-ACBAB50D2280}"
EndProject
Project("{FAE04EC0-301F-11D3-BF4B-00C04F79EFBC}") = "Store.Catalogue.AspNet", "Store.Catalogue\Store.Catalogue.AspNet\Store.Catalogue.AspNet.csproj", "{99BBA82C-F86B-4D78-9238-0D5DA9D52E2C}"
EndProject
Project("{FAE04EC0-301F-11D3-BF4B-00C04F79EFBC}") = "Store.CatalogueManagement", "Store.CatalogueManagement\Store.CatalogueManagement.csproj", "{EB47280C-44F7-4349-9230-AAA2E8B2387A}"
EndProject
Project("{FAE04EC0-301F-11D3-BF4B-00C04F79EFBC}") = "Store.Core.Infrastructure.AspNet", "Store.Core\Store.Core.Infrastructure.AspNet\Store.Core.Infrastructure.AspNet.csproj", "{D7230754-25E5-4431-B7BA-1AFD0D3BAD0D}"
EndProject
Project("{FAE04EC0-301F-11D3-BF4B-00C04F79EFBC}") = "Store.Catalogue.Infrastructure.Postgres", "Store.Catalogue\Store.Catalogue.Infrastructure.Postgres\Store.Catalogue.Infrastructure.Postgres.csproj", "{F0687FFD-F2D2-4643-99BB-272BAABDC99B}"
EndProject
Global
	GlobalSection(SolutionConfigurationPlatforms) = preSolution
		Debug|Any CPU = Debug|Any CPU
		Release|Any CPU = Release|Any CPU
	EndGlobalSection
	GlobalSection(NestedProjects) = preSolution
		{3D2A6C55-B482-4F44-8BE2-ED0A3E24A26C} = {9BCFAE85-02D8-492B-B323-B1B93C8F68D0}
		{EE5F2D00-026A-4817-9063-04E87016015E} = {9BCFAE85-02D8-492B-B323-B1B93C8F68D0}
		{B6C32B46-72B0-4BE3-8582-CB4A5CA8F344} = {EADAC059-A11B-4322-9D4A-5C8B3FFDC7A5}
		{610510A4-9DD9-492F-B909-818F33A7E933} = {9BCFAE85-02D8-492B-B323-B1B93C8F68D0}
		{CCEAC299-7978-4112-90AF-ACBAB50D2280} = {EADAC059-A11B-4322-9D4A-5C8B3FFDC7A5}
		{99BBA82C-F86B-4D78-9238-0D5DA9D52E2C} = {EADAC059-A11B-4322-9D4A-5C8B3FFDC7A5}
		{D7230754-25E5-4431-B7BA-1AFD0D3BAD0D} = {9BCFAE85-02D8-492B-B323-B1B93C8F68D0}
		{F0687FFD-F2D2-4643-99BB-272BAABDC99B} = {EADAC059-A11B-4322-9D4A-5C8B3FFDC7A5}
	EndGlobalSection
	GlobalSection(ProjectConfigurationPlatforms) = postSolution
		{3D2A6C55-B482-4F44-8BE2-ED0A3E24A26C}.Debug|Any CPU.ActiveCfg = Debug|Any CPU
		{3D2A6C55-B482-4F44-8BE2-ED0A3E24A26C}.Debug|Any CPU.Build.0 = Debug|Any CPU
		{3D2A6C55-B482-4F44-8BE2-ED0A3E24A26C}.Release|Any CPU.ActiveCfg = Release|Any CPU
		{3D2A6C55-B482-4F44-8BE2-ED0A3E24A26C}.Release|Any CPU.Build.0 = Release|Any CPU
		{EE5F2D00-026A-4817-9063-04E87016015E}.Debug|Any CPU.ActiveCfg = Debug|Any CPU
		{EE5F2D00-026A-4817-9063-04E87016015E}.Debug|Any CPU.Build.0 = Debug|Any CPU
		{EE5F2D00-026A-4817-9063-04E87016015E}.Release|Any CPU.ActiveCfg = Release|Any CPU
		{EE5F2D00-026A-4817-9063-04E87016015E}.Release|Any CPU.Build.0 = Release|Any CPU
		{B6C32B46-72B0-4BE3-8582-CB4A5CA8F344}.Debug|Any CPU.ActiveCfg = Debug|Any CPU
		{B6C32B46-72B0-4BE3-8582-CB4A5CA8F344}.Debug|Any CPU.Build.0 = Debug|Any CPU
		{B6C32B46-72B0-4BE3-8582-CB4A5CA8F344}.Release|Any CPU.ActiveCfg = Release|Any CPU
		{B6C32B46-72B0-4BE3-8582-CB4A5CA8F344}.Release|Any CPU.Build.0 = Release|Any CPU
		{610510A4-9DD9-492F-B909-818F33A7E933}.Debug|Any CPU.ActiveCfg = Debug|Any CPU
		{610510A4-9DD9-492F-B909-818F33A7E933}.Debug|Any CPU.Build.0 = Debug|Any CPU
		{610510A4-9DD9-492F-B909-818F33A7E933}.Release|Any CPU.ActiveCfg = Release|Any CPU
		{610510A4-9DD9-492F-B909-818F33A7E933}.Release|Any CPU.Build.0 = Release|Any CPU
		{CCEAC299-7978-4112-90AF-ACBAB50D2280}.Debug|Any CPU.ActiveCfg = Debug|Any CPU
		{CCEAC299-7978-4112-90AF-ACBAB50D2280}.Debug|Any CPU.Build.0 = Debug|Any CPU
		{CCEAC299-7978-4112-90AF-ACBAB50D2280}.Release|Any CPU.ActiveCfg = Release|Any CPU
		{CCEAC299-7978-4112-90AF-ACBAB50D2280}.Release|Any CPU.Build.0 = Release|Any CPU
		{99BBA82C-F86B-4D78-9238-0D5DA9D52E2C}.Debug|Any CPU.ActiveCfg = Debug|Any CPU
		{99BBA82C-F86B-4D78-9238-0D5DA9D52E2C}.Debug|Any CPU.Build.0 = Debug|Any CPU
		{99BBA82C-F86B-4D78-9238-0D5DA9D52E2C}.Release|Any CPU.ActiveCfg = Release|Any CPU
		{99BBA82C-F86B-4D78-9238-0D5DA9D52E2C}.Release|Any CPU.Build.0 = Release|Any CPU
		{EB47280C-44F7-4349-9230-AAA2E8B2387A}.Debug|Any CPU.ActiveCfg = Debug|Any CPU
		{EB47280C-44F7-4349-9230-AAA2E8B2387A}.Debug|Any CPU.Build.0 = Debug|Any CPU
		{EB47280C-44F7-4349-9230-AAA2E8B2387A}.Release|Any CPU.ActiveCfg = Release|Any CPU
		{EB47280C-44F7-4349-9230-AAA2E8B2387A}.Release|Any CPU.Build.0 = Release|Any CPU
		{D7230754-25E5-4431-B7BA-1AFD0D3BAD0D}.Debug|Any CPU.ActiveCfg = Debug|Any CPU
		{D7230754-25E5-4431-B7BA-1AFD0D3BAD0D}.Debug|Any CPU.Build.0 = Debug|Any CPU
		{D7230754-25E5-4431-B7BA-1AFD0D3BAD0D}.Release|Any CPU.ActiveCfg = Release|Any CPU
		{D7230754-25E5-4431-B7BA-1AFD0D3BAD0D}.Release|Any CPU.Build.0 = Release|Any CPU
		{F0687FFD-F2D2-4643-99BB-272BAABDC99B}.Debug|Any CPU.ActiveCfg = Debug|Any CPU
		{F0687FFD-F2D2-4643-99BB-272BAABDC99B}.Debug|Any CPU.Build.0 = Debug|Any CPU
		{F0687FFD-F2D2-4643-99BB-272BAABDC99B}.Release|Any CPU.ActiveCfg = Release|Any CPU
		{F0687FFD-F2D2-4643-99BB-272BAABDC99B}.Release|Any CPU.Build.0 = Release|Any CPU
	EndGlobalSection
EndGlobal
