
Microsoft Visual Studio Solution File, Format Version 12.00
Project("{2150E333-8FDC-42A3-9474-1A3956D46DE8}") = "Store.Catalogue", "Store.Catalogue", "{EADAC059-A11B-4322-9D4A-5C8B3FFDC7A5}"
EndProject
Project("{2150E333-8FDC-42A3-9474-1A3956D46DE8}") = "Store.Shopping", "Store.Shopping", "{173D1E16-96AD-4DDB-82CF-1EE59AAF7909}"
EndProject
Project("{2150E333-8FDC-42A3-9474-1A3956D46DE8}") = "Store.Core", "Store.Core", "{9BCFAE85-02D8-492B-B323-B1B93C8F68D0}"
EndProject
Project("{FAE04EC0-301F-11D3-BF4B-00C04F79EFBC}") = "Store.Core.Domain", "Store.Core\Store.Core.Domain\Store.Core.Domain.csproj", "{EE5F2D00-026A-4817-9063-04E87016015E}"
EndProject
Project("{FAE04EC0-301F-11D3-BF4B-00C04F79EFBC}") = "Store.Catalogue.AspNet", "Store.Catalogue\Store.Catalogue.AspNet\Store.Catalogue.AspNet.csproj", "{99BBA82C-F86B-4D78-9238-0D5DA9D52E2C}"
EndProject
Project("{FAE04EC0-301F-11D3-BF4B-00C04F79EFBC}") = "Store.Api.CatalogueManagement", "Store.Api.CatalogueManagement\Store.Api.CatalogueManagement.csproj", "{EB47280C-44F7-4349-9230-AAA2E8B2387A}"
EndProject
Project("{FAE04EC0-301F-11D3-BF4B-00C04F79EFBC}") = "Store.Core.Infrastructure", "Store.Core\Store.Core.Infrastructure\Store.Core.Infrastructure.csproj", "{D7230754-25E5-4431-B7BA-1AFD0D3BAD0D}"
EndProject
Project("{FAE04EC0-301F-11D3-BF4B-00C04F79EFBC}") = "Store.Catalogue.Infrastructure", "Store.Catalogue\Store.Catalogue.Infrastructure\Store.Catalogue.Infrastructure.csproj", "{7D14346C-7276-4542-8968-9AF335531C7F}"
EndProject
Project("{FAE04EC0-301F-11D3-BF4B-00C04F79EFBC}") = "Store.Catalogue.Integration", "Store.Catalogue\Store.Catalogue.Integration\Store.Catalogue.Integration.csproj", "{C319A61F-15A0-4529-89F0-2F429D985508}"
EndProject
Project("{FAE04EC0-301F-11D3-BF4B-00C04F79EFBC}") = "Store.Shopping.Domain", "Store.Shopping\Store.Shopping.Domain\Store.Shopping.Domain.csproj", "{D2615163-55D7-4466-8828-FC12378E913F}"
EndProject
Project("{FAE04EC0-301F-11D3-BF4B-00C04F79EFBC}") = "Store.Shopping.Application", "Store.Shopping\Store.Shopping.Application\Store.Shopping.Application.csproj", "{F8A1D8EB-97D0-4699-ABF9-2A92EFA9A402}"
EndProject
Project("{FAE04EC0-301F-11D3-BF4B-00C04F79EFBC}") = "Store.Shopping.Infrastructure", "Store.Shopping\Store.Shopping.Infrastructure\Store.Shopping.Infrastructure.csproj", "{1CAE3186-235B-4032-AC43-8FB9A76E8D02}"
EndProject
Project("{FAE04EC0-301F-11D3-BF4B-00C04F79EFBC}") = "Store.Shopping.AspNet", "Store.Shopping\Store.Shopping.AspNet\Store.Shopping.AspNet.csproj", "{B94B19A8-A6BC-4A48-8129-8E9D0EA683E7}"
EndProject
Project("{FAE04EC0-301F-11D3-BF4B-00C04F79EFBC}") = "Store.Api.Shopping", "Store.Api.Shopping\Store.Api.Shopping.csproj", "{B8502645-C258-463A-8B98-C88312AB91A6}"
EndProject
Project("{FAE04EC0-301F-11D3-BF4B-00C04F79EFBC}") = "Store.Core.Tests.Infrastructure", "Store.Core\Store.Core.Tests.Infrastructure\Store.Core.Tests.Infrastructure.csproj", "{41D60F13-714F-4705-8DA6-0FC7FBD8FD7E}"
EndProject
Project("{FAE04EC0-301F-11D3-BF4B-00C04F79EFBC}") = "Store.Shopping.Tests", "Store.Shopping\Store.Shopping.Tests\Store.Shopping.Tests.csproj", "{C0F34397-AD2C-419F-BDDC-14BB96C4F834}"
EndProject
Project("{FAE04EC0-301F-11D3-BF4B-00C04F79EFBC}") = "Store.Core.Tests", "Store.Core\Store.Core.Tests\Store.Core.Tests.csproj", "{B6B8C552-B85D-4F93-AFEE-61465172AF44}"
EndProject
Project("{FAE04EC0-301F-11D3-BF4B-00C04F79EFBC}") = "Store.Catalogue.Tests", "Store.Catalogue\Store.Catalogue.Tests\Store.Catalogue.Tests.csproj", "{E1702D4E-B2AD-4775-8A9B-02BA748B1E48}"
EndProject
Project("{2150E333-8FDC-42A3-9474-1A3956D46DE8}") = "Store.Payments", "Store.Payments", "{2188D55E-0B45-4D97-B85D-6520CC7750C8}"
EndProject
Project("{FAE04EC0-301F-11D3-BF4B-00C04F79EFBC}") = "Store.Payments.Domain", "Store.Payments\Store.Payments.Domain\Store.Payments.Domain.csproj", "{4A3A71EA-1A84-432A-B69F-DB0654987BC1}"
EndProject
Project("{FAE04EC0-301F-11D3-BF4B-00C04F79EFBC}") = "Store.Payments.Tests", "Store.Payments\Store.Payments.Tests\Store.Payments.Tests.csproj", "{2C6A0A53-0C51-45E9-9BDB-E1B6A4F693E6}"
EndProject
Global
	GlobalSection(SolutionConfigurationPlatforms) = preSolution
		Debug|Any CPU = Debug|Any CPU
		Release|Any CPU = Release|Any CPU
	EndGlobalSection
	GlobalSection(NestedProjects) = preSolution
		{EE5F2D00-026A-4817-9063-04E87016015E} = {9BCFAE85-02D8-492B-B323-B1B93C8F68D0}
		{99BBA82C-F86B-4D78-9238-0D5DA9D52E2C} = {EADAC059-A11B-4322-9D4A-5C8B3FFDC7A5}
		{D7230754-25E5-4431-B7BA-1AFD0D3BAD0D} = {9BCFAE85-02D8-492B-B323-B1B93C8F68D0}
		{7D14346C-7276-4542-8968-9AF335531C7F} = {EADAC059-A11B-4322-9D4A-5C8B3FFDC7A5}
		{C319A61F-15A0-4529-89F0-2F429D985508} = {EADAC059-A11B-4322-9D4A-5C8B3FFDC7A5}
		{D2615163-55D7-4466-8828-FC12378E913F} = {173D1E16-96AD-4DDB-82CF-1EE59AAF7909}
		{F8A1D8EB-97D0-4699-ABF9-2A92EFA9A402} = {173D1E16-96AD-4DDB-82CF-1EE59AAF7909}
		{1CAE3186-235B-4032-AC43-8FB9A76E8D02} = {173D1E16-96AD-4DDB-82CF-1EE59AAF7909}
		{B94B19A8-A6BC-4A48-8129-8E9D0EA683E7} = {173D1E16-96AD-4DDB-82CF-1EE59AAF7909}
		{41D60F13-714F-4705-8DA6-0FC7FBD8FD7E} = {9BCFAE85-02D8-492B-B323-B1B93C8F68D0}
		{C0F34397-AD2C-419F-BDDC-14BB96C4F834} = {173D1E16-96AD-4DDB-82CF-1EE59AAF7909}
		{B6B8C552-B85D-4F93-AFEE-61465172AF44} = {9BCFAE85-02D8-492B-B323-B1B93C8F68D0}
		{E1702D4E-B2AD-4775-8A9B-02BA748B1E48} = {EADAC059-A11B-4322-9D4A-5C8B3FFDC7A5}
		{4A3A71EA-1A84-432A-B69F-DB0654987BC1} = {2188D55E-0B45-4D97-B85D-6520CC7750C8}
		{2C6A0A53-0C51-45E9-9BDB-E1B6A4F693E6} = {2188D55E-0B45-4D97-B85D-6520CC7750C8}
	EndGlobalSection
	GlobalSection(ProjectConfigurationPlatforms) = postSolution
		{EE5F2D00-026A-4817-9063-04E87016015E}.Debug|Any CPU.ActiveCfg = Debug|Any CPU
		{EE5F2D00-026A-4817-9063-04E87016015E}.Debug|Any CPU.Build.0 = Debug|Any CPU
		{EE5F2D00-026A-4817-9063-04E87016015E}.Release|Any CPU.ActiveCfg = Release|Any CPU
		{EE5F2D00-026A-4817-9063-04E87016015E}.Release|Any CPU.Build.0 = Release|Any CPU
		{99BBA82C-F86B-4D78-9238-0D5DA9D52E2C}.Debug|Any CPU.ActiveCfg = Debug|Any CPU
		{99BBA82C-F86B-4D78-9238-0D5DA9D52E2C}.Debug|Any CPU.Build.0 = Debug|Any CPU
		{99BBA82C-F86B-4D78-9238-0D5DA9D52E2C}.Release|Any CPU.ActiveCfg = Release|Any CPU
		{99BBA82C-F86B-4D78-9238-0D5DA9D52E2C}.Release|Any CPU.Build.0 = Release|Any CPU
		{EB47280C-44F7-4349-9230-AAA2E8B2387A}.Debug|Any CPU.ActiveCfg = Debug|Any CPU
		{EB47280C-44F7-4349-9230-AAA2E8B2387A}.Debug|Any CPU.Build.0 = Debug|Any CPU
		{EB47280C-44F7-4349-9230-AAA2E8B2387A}.Release|Any CPU.ActiveCfg = Release|Any CPU
		{EB47280C-44F7-4349-9230-AAA2E8B2387A}.Release|Any CPU.Build.0 = Release|Any CPU
		{D7230754-25E5-4431-B7BA-1AFD0D3BAD0D}.Debug|Any CPU.ActiveCfg = Debug|Any CPU
		{D7230754-25E5-4431-B7BA-1AFD0D3BAD0D}.Debug|Any CPU.Build.0 = Debug|Any CPU
		{D7230754-25E5-4431-B7BA-1AFD0D3BAD0D}.Release|Any CPU.ActiveCfg = Release|Any CPU
		{D7230754-25E5-4431-B7BA-1AFD0D3BAD0D}.Release|Any CPU.Build.0 = Release|Any CPU
		{7D14346C-7276-4542-8968-9AF335531C7F}.Debug|Any CPU.ActiveCfg = Debug|Any CPU
		{7D14346C-7276-4542-8968-9AF335531C7F}.Debug|Any CPU.Build.0 = Debug|Any CPU
		{7D14346C-7276-4542-8968-9AF335531C7F}.Release|Any CPU.ActiveCfg = Release|Any CPU
		{7D14346C-7276-4542-8968-9AF335531C7F}.Release|Any CPU.Build.0 = Release|Any CPU
		{C319A61F-15A0-4529-89F0-2F429D985508}.Debug|Any CPU.ActiveCfg = Debug|Any CPU
		{C319A61F-15A0-4529-89F0-2F429D985508}.Debug|Any CPU.Build.0 = Debug|Any CPU
		{C319A61F-15A0-4529-89F0-2F429D985508}.Release|Any CPU.ActiveCfg = Release|Any CPU
		{C319A61F-15A0-4529-89F0-2F429D985508}.Release|Any CPU.Build.0 = Release|Any CPU
		{D2615163-55D7-4466-8828-FC12378E913F}.Debug|Any CPU.ActiveCfg = Debug|Any CPU
		{D2615163-55D7-4466-8828-FC12378E913F}.Debug|Any CPU.Build.0 = Debug|Any CPU
		{D2615163-55D7-4466-8828-FC12378E913F}.Release|Any CPU.ActiveCfg = Release|Any CPU
		{D2615163-55D7-4466-8828-FC12378E913F}.Release|Any CPU.Build.0 = Release|Any CPU
		{F8A1D8EB-97D0-4699-ABF9-2A92EFA9A402}.Debug|Any CPU.ActiveCfg = Debug|Any CPU
		{F8A1D8EB-97D0-4699-ABF9-2A92EFA9A402}.Debug|Any CPU.Build.0 = Debug|Any CPU
		{F8A1D8EB-97D0-4699-ABF9-2A92EFA9A402}.Release|Any CPU.ActiveCfg = Release|Any CPU
		{F8A1D8EB-97D0-4699-ABF9-2A92EFA9A402}.Release|Any CPU.Build.0 = Release|Any CPU
		{1CAE3186-235B-4032-AC43-8FB9A76E8D02}.Debug|Any CPU.ActiveCfg = Debug|Any CPU
		{1CAE3186-235B-4032-AC43-8FB9A76E8D02}.Debug|Any CPU.Build.0 = Debug|Any CPU
		{1CAE3186-235B-4032-AC43-8FB9A76E8D02}.Release|Any CPU.ActiveCfg = Release|Any CPU
		{1CAE3186-235B-4032-AC43-8FB9A76E8D02}.Release|Any CPU.Build.0 = Release|Any CPU
		{B94B19A8-A6BC-4A48-8129-8E9D0EA683E7}.Debug|Any CPU.ActiveCfg = Debug|Any CPU
		{B94B19A8-A6BC-4A48-8129-8E9D0EA683E7}.Debug|Any CPU.Build.0 = Debug|Any CPU
		{B94B19A8-A6BC-4A48-8129-8E9D0EA683E7}.Release|Any CPU.ActiveCfg = Release|Any CPU
		{B94B19A8-A6BC-4A48-8129-8E9D0EA683E7}.Release|Any CPU.Build.0 = Release|Any CPU
		{B8502645-C258-463A-8B98-C88312AB91A6}.Debug|Any CPU.ActiveCfg = Debug|Any CPU
		{B8502645-C258-463A-8B98-C88312AB91A6}.Debug|Any CPU.Build.0 = Debug|Any CPU
		{B8502645-C258-463A-8B98-C88312AB91A6}.Release|Any CPU.ActiveCfg = Release|Any CPU
		{B8502645-C258-463A-8B98-C88312AB91A6}.Release|Any CPU.Build.0 = Release|Any CPU
		{41D60F13-714F-4705-8DA6-0FC7FBD8FD7E}.Debug|Any CPU.ActiveCfg = Debug|Any CPU
		{41D60F13-714F-4705-8DA6-0FC7FBD8FD7E}.Debug|Any CPU.Build.0 = Debug|Any CPU
		{41D60F13-714F-4705-8DA6-0FC7FBD8FD7E}.Release|Any CPU.ActiveCfg = Release|Any CPU
		{41D60F13-714F-4705-8DA6-0FC7FBD8FD7E}.Release|Any CPU.Build.0 = Release|Any CPU
		{C0F34397-AD2C-419F-BDDC-14BB96C4F834}.Debug|Any CPU.ActiveCfg = Debug|Any CPU
		{C0F34397-AD2C-419F-BDDC-14BB96C4F834}.Debug|Any CPU.Build.0 = Debug|Any CPU
		{C0F34397-AD2C-419F-BDDC-14BB96C4F834}.Release|Any CPU.ActiveCfg = Release|Any CPU
		{C0F34397-AD2C-419F-BDDC-14BB96C4F834}.Release|Any CPU.Build.0 = Release|Any CPU
		{B6B8C552-B85D-4F93-AFEE-61465172AF44}.Debug|Any CPU.ActiveCfg = Debug|Any CPU
		{B6B8C552-B85D-4F93-AFEE-61465172AF44}.Debug|Any CPU.Build.0 = Debug|Any CPU
		{B6B8C552-B85D-4F93-AFEE-61465172AF44}.Release|Any CPU.ActiveCfg = Release|Any CPU
		{B6B8C552-B85D-4F93-AFEE-61465172AF44}.Release|Any CPU.Build.0 = Release|Any CPU
		{E1702D4E-B2AD-4775-8A9B-02BA748B1E48}.Debug|Any CPU.ActiveCfg = Debug|Any CPU
		{E1702D4E-B2AD-4775-8A9B-02BA748B1E48}.Debug|Any CPU.Build.0 = Debug|Any CPU
		{E1702D4E-B2AD-4775-8A9B-02BA748B1E48}.Release|Any CPU.ActiveCfg = Release|Any CPU
		{E1702D4E-B2AD-4775-8A9B-02BA748B1E48}.Release|Any CPU.Build.0 = Release|Any CPU
		{4A3A71EA-1A84-432A-B69F-DB0654987BC1}.Debug|Any CPU.ActiveCfg = Debug|Any CPU
		{4A3A71EA-1A84-432A-B69F-DB0654987BC1}.Debug|Any CPU.Build.0 = Debug|Any CPU
		{4A3A71EA-1A84-432A-B69F-DB0654987BC1}.Release|Any CPU.ActiveCfg = Release|Any CPU
		{4A3A71EA-1A84-432A-B69F-DB0654987BC1}.Release|Any CPU.Build.0 = Release|Any CPU
		{2C6A0A53-0C51-45E9-9BDB-E1B6A4F693E6}.Debug|Any CPU.ActiveCfg = Debug|Any CPU
		{2C6A0A53-0C51-45E9-9BDB-E1B6A4F693E6}.Debug|Any CPU.Build.0 = Debug|Any CPU
		{2C6A0A53-0C51-45E9-9BDB-E1B6A4F693E6}.Release|Any CPU.ActiveCfg = Release|Any CPU
		{2C6A0A53-0C51-45E9-9BDB-E1B6A4F693E6}.Release|Any CPU.Build.0 = Release|Any CPU
	EndGlobalSection
EndGlobal
